{
  "originHash" : "a9c91708b21a6912267ee25df76bc17bbce217ffed49c8d470f3165aa14e741b",
  "pins" : [
    {
      "identity" : "cronista",
      "kind" : "remoteSourceControl",
      "location" : "https://github.com/platacard/cronista.git",
      "state" : {
        "revision" : "6f6a259f7e53d23dbb9b3125f6f4c47de8f17bf7",
        "version" : "1.0.2"
      }
    }
  ],
  "version" : 3
}
