{
  "originHash" : "0f8e6a716a8bd63f0847a34536516cdaf6693bb938b5e201833a8c2dd91d1137",
  "pins" : [
    {
      "identity" : "cronista",
      "kind" : "remoteSourceControl",
      "location" : "https://github.com/platacard/cronista.git",
      "state" : {
        "revision" : "59a7fb96af117c8c4d50911c9470aaf20aa7eac3",
        "version" : "1.0.3"
      }
    }
  ],
  "version" : 3
}
